
Microsoft Visual Studio Solution File, Format Version 12.00
# Visual Studio Version 17
VisualStudioVersion = 17.4.33103.184
MinimumVisualStudioVersion = 10.0.40219.1
Project("{FAE04EC0-301F-11D3-BF4B-00C04F79EFBC}") = "main", "main\main.csproj", "{F9B064FE-2448-4E4D-8A66-1B042700D6C2}"
EndProject
Project("{FAE04EC0-301F-11D3-BF4B-00C04F79EFBC}") = "BLL", "Negocio\BLL.csproj", "{861B2CA2-B1EF-4301-9E4D-34E68993EF1E}"
EndProject
Project("{FAE04EC0-301F-11D3-BF4B-00C04F79EFBC}") = "DAL", "Datos\DAL.csproj", "{B094B4CE-DBB2-4559-89F9-3360F3585D97}"
EndProject
Global
	GlobalSection(SolutionConfigurationPlatforms) = preSolution
		Debug|Any CPU = Debug|Any CPU
		Release|Any CPU = Release|Any CPU
	EndGlobalSection
	GlobalSection(ProjectConfigurationPlatforms) = postSolution
		{F9B064FE-2448-4E4D-8A66-1B042700D6C2}.Debug|Any CPU.ActiveCfg = Debug|Any CPU
		{F9B064FE-2448-4E4D-8A66-1B042700D6C2}.Debug|Any CPU.Build.0 = Debug|Any CPU
		{F9B064FE-2448-4E4D-8A66-1B042700D6C2}.Release|Any CPU.ActiveCfg = Release|Any CPU
		{F9B064FE-2448-4E4D-8A66-1B042700D6C2}.Release|Any CPU.Build.0 = Release|Any CPU
		{861B2CA2-B1EF-4301-9E4D-34E68993EF1E}.Debug|Any CPU.ActiveCfg = Debug|Any CPU
		{861B2CA2-B1EF-4301-9E4D-34E68993EF1E}.Debug|Any CPU.Build.0 = Debug|Any CPU
		{861B2CA2-B1EF-4301-9E4D-34E68993EF1E}.Release|Any CPU.ActiveCfg = Release|Any CPU
		{861B2CA2-B1EF-4301-9E4D-34E68993EF1E}.Release|Any CPU.Build.0 = Release|Any CPU
		{B094B4CE-DBB2-4559-89F9-3360F3585D97}.Debug|Any CPU.ActiveCfg = Debug|Any CPU
		{B094B4CE-DBB2-4559-89F9-3360F3585D97}.Debug|Any CPU.Build.0 = Debug|Any CPU
		{B094B4CE-DBB2-4559-89F9-3360F3585D97}.Release|Any CPU.ActiveCfg = Release|Any CPU
		{B094B4CE-DBB2-4559-89F9-3360F3585D97}.Release|Any CPU.Build.0 = Release|Any CPU
	EndGlobalSection
	GlobalSection(SolutionProperties) = preSolution
		HideSolutionNode = FALSE
	EndGlobalSection
	GlobalSection(ExtensibilityGlobals) = postSolution
		SolutionGuid = {2BB816DA-1ECA-4585-8058-6DD8367D2804}
	EndGlobalSection
EndGlobal
